
Microsoft Visual Studio Solution File, Format Version 12.00
# Visual Studio 15
VisualStudioVersion = 15.0.28307.539
MinimumVisualStudioVersion = 10.0.40219.1
Project("{FAE04EC0-301F-11D3-BF4B-00C04F79EFBC}") = "ImageDitherer", "ImageDitherer\ImageDitherer.csproj", "{77DE5476-344E-467B-A0D9-98A15786074C}"
EndProject
Global
	GlobalSection(SolutionConfigurationPlatforms) = preSolution
		Debug|Any CPU = Debug|Any CPU
		Release|Any CPU = Release|Any CPU
	EndGlobalSection
	GlobalSection(ProjectConfigurationPlatforms) = postSolution
		{77DE5476-344E-467B-A0D9-98A15786074C}.Debug|Any CPU.ActiveCfg = Debug|Any CPU
		{77DE5476-344E-467B-A0D9-98A15786074C}.Debug|Any CPU.Build.0 = Debug|Any CPU
		{77DE5476-344E-467B-A0D9-98A15786074C}.Release|Any CPU.ActiveCfg = Release|Any CPU
		{77DE5476-344E-467B-A0D9-98A15786074C}.Release|Any CPU.Build.0 = Release|Any CPU
	EndGlobalSection
	GlobalSection(SolutionProperties) = preSolution
		HideSolutionNode = FALSE
	EndGlobalSection
	GlobalSection(ExtensibilityGlobals) = postSolution
		SolutionGuid = {42FBD095-B9F8-45A7-8179-1CF8545669DC}
	EndGlobalSection
EndGlobal
